
Microsoft Visual Studio Solution File, Format Version 12.00
# Visual Studio Version 16
VisualStudioVersion = 16.0.30523.141
MinimumVisualStudioVersion = 10.0.40219.1
Project("{FAE04EC0-301F-11D3-BF4B-00C04F79EFBC}") = "CSharp", "CSharp\CSharp.csproj", "{1233EAC2-F275-456E-810C-9200F50BC2AD}"
EndProject
Project("{FAE04EC0-301F-11D3-BF4B-00C04F79EFBC}") = "10_Collections", "10_Collections\10_Collections.csproj", "{61109411-6EC5-4304-A09E-A11E87D087A3}"
EndProject
Project("{FAE04EC0-301F-11D3-BF4B-00C04F79EFBC}") = "11_Files", "11_Files\11_Files.csproj", "{FABCA9B5-2E2C-4A47-94D3-992A06923FF8}"
EndProject
Project("{2150E333-8FDC-42A3-9474-1A3956D46DE8}") = "Excercises", "Excercises", "{F1A794D6-95AA-41E7-91C5-0E03966C66AE}"
EndProject
Project("{FAE04EC0-301F-11D3-BF4B-00C04F79EFBC}") = "BriansExcuseManager", "BriansExcuseManager\BriansExcuseManager.csproj", "{3DB77EC6-4E74-4D31-8AD9-E3782751B338}"
EndProject
Project("{FAE04EC0-301F-11D3-BF4B-00C04F79EFBC}") = "12_Serializaion", "12_Serializaion\12_Serializaion.csproj", "{290F601F-32C8-497E-9020-5C719ABE16E7}"
EndProject
Project("{FAE04EC0-301F-11D3-BF4B-00C04F79EFBC}") = "HexDump", "HexDump\HexDump.csproj", "{ABE418F5-77D5-4521-8E8D-C916633BA348}"
EndProject
Project("{2150E333-8FDC-42A3-9474-1A3956D46DE8}") = "Algorithms", "Algorithms", "{46154490-60C9-4664-BA33-96FDF6123E12}"
EndProject
Project("{FAE04EC0-301F-11D3-BF4B-00C04F79EFBC}") = "BaseAlgorithms", "BaseAlgorithms\BaseAlgorithms.csproj", "{EDA6D7BC-0D61-44E8-B4EC-5CB2A6062D0B}"
EndProject
Project("{FAE04EC0-301F-11D3-BF4B-00C04F79EFBC}") = "SearchAlgorithms", "SearchAlgorithms\SearchAlgorithms.csproj", "{8714C64B-59A3-4DA7-BB76-42E386ADA69E}"
EndProject
Project("{FAE04EC0-301F-11D3-BF4B-00C04F79EFBC}") = "SortAlgorithms", "SortAlgorithms\SortAlgorithms.csproj", "{35D034C4-C418-443D-9EF6-3388897C8926}"
EndProject
Project("{2150E333-8FDC-42A3-9474-1A3956D46DE8}") = "DataStructures", "DataStructures", "{9D590883-804F-4DA4-A0C3-A1647940C9D4}"
EndProject
Project("{FAE04EC0-301F-11D3-BF4B-00C04F79EFBC}") = "Stack", "Stack\Stack.csproj", "{0652F415-D97F-488D-90C1-66FE92F11CF1}"
EndProject
Project("{FAE04EC0-301F-11D3-BF4B-00C04F79EFBC}") = "Deque", "Deque\Deque.csproj", "{06EE1C4A-211C-4B25-8BE9-84206F8CA93B}"
EndProject
Project("{2150E333-8FDC-42A3-9474-1A3956D46DE8}") = "Hackerrank", "Hackerrank", "{04C93FBA-1CC0-4AF8-A4D9-F339A8111B4C}"
EndProject
Project("{FAE04EC0-301F-11D3-BF4B-00C04F79EFBC}") = "InterviewPreparationKit", "Hackerrank\InterviewPreparationKit\InterviewPreparationKit.csproj", "{B4B34A85-2DCE-4A05-BF09-166AD8B000D6}"
EndProject
Global
	GlobalSection(SolutionConfigurationPlatforms) = preSolution
		Debug|Any CPU = Debug|Any CPU
		Release|Any CPU = Release|Any CPU
	EndGlobalSection
	GlobalSection(ProjectConfigurationPlatforms) = postSolution
		{1233EAC2-F275-456E-810C-9200F50BC2AD}.Debug|Any CPU.ActiveCfg = Debug|Any CPU
		{1233EAC2-F275-456E-810C-9200F50BC2AD}.Debug|Any CPU.Build.0 = Debug|Any CPU
		{1233EAC2-F275-456E-810C-9200F50BC2AD}.Release|Any CPU.ActiveCfg = Release|Any CPU
		{1233EAC2-F275-456E-810C-9200F50BC2AD}.Release|Any CPU.Build.0 = Release|Any CPU
		{61109411-6EC5-4304-A09E-A11E87D087A3}.Debug|Any CPU.ActiveCfg = Debug|Any CPU
		{61109411-6EC5-4304-A09E-A11E87D087A3}.Debug|Any CPU.Build.0 = Debug|Any CPU
		{61109411-6EC5-4304-A09E-A11E87D087A3}.Release|Any CPU.ActiveCfg = Release|Any CPU
		{61109411-6EC5-4304-A09E-A11E87D087A3}.Release|Any CPU.Build.0 = Release|Any CPU
		{FABCA9B5-2E2C-4A47-94D3-992A06923FF8}.Debug|Any CPU.ActiveCfg = Debug|Any CPU
		{FABCA9B5-2E2C-4A47-94D3-992A06923FF8}.Debug|Any CPU.Build.0 = Debug|Any CPU
		{FABCA9B5-2E2C-4A47-94D3-992A06923FF8}.Release|Any CPU.ActiveCfg = Release|Any CPU
		{FABCA9B5-2E2C-4A47-94D3-992A06923FF8}.Release|Any CPU.Build.0 = Release|Any CPU
		{3DB77EC6-4E74-4D31-8AD9-E3782751B338}.Debug|Any CPU.ActiveCfg = Debug|Any CPU
		{3DB77EC6-4E74-4D31-8AD9-E3782751B338}.Debug|Any CPU.Build.0 = Debug|Any CPU
		{3DB77EC6-4E74-4D31-8AD9-E3782751B338}.Release|Any CPU.ActiveCfg = Release|Any CPU
		{3DB77EC6-4E74-4D31-8AD9-E3782751B338}.Release|Any CPU.Build.0 = Release|Any CPU
		{290F601F-32C8-497E-9020-5C719ABE16E7}.Debug|Any CPU.ActiveCfg = Debug|Any CPU
		{290F601F-32C8-497E-9020-5C719ABE16E7}.Debug|Any CPU.Build.0 = Debug|Any CPU
		{290F601F-32C8-497E-9020-5C719ABE16E7}.Release|Any CPU.ActiveCfg = Release|Any CPU
		{290F601F-32C8-497E-9020-5C719ABE16E7}.Release|Any CPU.Build.0 = Release|Any CPU
		{ABE418F5-77D5-4521-8E8D-C916633BA348}.Debug|Any CPU.ActiveCfg = Debug|Any CPU
		{ABE418F5-77D5-4521-8E8D-C916633BA348}.Debug|Any CPU.Build.0 = Debug|Any CPU
		{ABE418F5-77D5-4521-8E8D-C916633BA348}.Release|Any CPU.ActiveCfg = Release|Any CPU
		{ABE418F5-77D5-4521-8E8D-C916633BA348}.Release|Any CPU.Build.0 = Release|Any CPU
		{EDA6D7BC-0D61-44E8-B4EC-5CB2A6062D0B}.Debug|Any CPU.ActiveCfg = Debug|Any CPU
		{EDA6D7BC-0D61-44E8-B4EC-5CB2A6062D0B}.Debug|Any CPU.Build.0 = Debug|Any CPU
		{EDA6D7BC-0D61-44E8-B4EC-5CB2A6062D0B}.Release|Any CPU.ActiveCfg = Release|Any CPU
		{EDA6D7BC-0D61-44E8-B4EC-5CB2A6062D0B}.Release|Any CPU.Build.0 = Release|Any CPU
		{8714C64B-59A3-4DA7-BB76-42E386ADA69E}.Debug|Any CPU.ActiveCfg = Debug|Any CPU
		{8714C64B-59A3-4DA7-BB76-42E386ADA69E}.Debug|Any CPU.Build.0 = Debug|Any CPU
		{8714C64B-59A3-4DA7-BB76-42E386ADA69E}.Release|Any CPU.ActiveCfg = Release|Any CPU
		{8714C64B-59A3-4DA7-BB76-42E386ADA69E}.Release|Any CPU.Build.0 = Release|Any CPU
		{35D034C4-C418-443D-9EF6-3388897C8926}.Debug|Any CPU.ActiveCfg = Debug|Any CPU
		{35D034C4-C418-443D-9EF6-3388897C8926}.Debug|Any CPU.Build.0 = Debug|Any CPU
		{35D034C4-C418-443D-9EF6-3388897C8926}.Release|Any CPU.ActiveCfg = Release|Any CPU
		{35D034C4-C418-443D-9EF6-3388897C8926}.Release|Any CPU.Build.0 = Release|Any CPU
		{0652F415-D97F-488D-90C1-66FE92F11CF1}.Debug|Any CPU.ActiveCfg = Debug|Any CPU
		{0652F415-D97F-488D-90C1-66FE92F11CF1}.Debug|Any CPU.Build.0 = Debug|Any CPU
		{0652F415-D97F-488D-90C1-66FE92F11CF1}.Release|Any CPU.ActiveCfg = Release|Any CPU
		{0652F415-D97F-488D-90C1-66FE92F11CF1}.Release|Any CPU.Build.0 = Release|Any CPU
		{06EE1C4A-211C-4B25-8BE9-84206F8CA93B}.Debug|Any CPU.ActiveCfg = Debug|Any CPU
		{06EE1C4A-211C-4B25-8BE9-84206F8CA93B}.Debug|Any CPU.Build.0 = Debug|Any CPU
		{06EE1C4A-211C-4B25-8BE9-84206F8CA93B}.Release|Any CPU.ActiveCfg = Release|Any CPU
		{06EE1C4A-211C-4B25-8BE9-84206F8CA93B}.Release|Any CPU.Build.0 = Release|Any CPU
		{B4B34A85-2DCE-4A05-BF09-166AD8B000D6}.Debug|Any CPU.ActiveCfg = Debug|Any CPU
		{B4B34A85-2DCE-4A05-BF09-166AD8B000D6}.Debug|Any CPU.Build.0 = Debug|Any CPU
		{B4B34A85-2DCE-4A05-BF09-166AD8B000D6}.Release|Any CPU.ActiveCfg = Release|Any CPU
		{B4B34A85-2DCE-4A05-BF09-166AD8B000D6}.Release|Any CPU.Build.0 = Release|Any CPU
	EndGlobalSection
	GlobalSection(SolutionProperties) = preSolution
		HideSolutionNode = FALSE
	EndGlobalSection
	GlobalSection(NestedProjects) = preSolution
		{3DB77EC6-4E74-4D31-8AD9-E3782751B338} = {F1A794D6-95AA-41E7-91C5-0E03966C66AE}
		{ABE418F5-77D5-4521-8E8D-C916633BA348} = {F1A794D6-95AA-41E7-91C5-0E03966C66AE}
		{EDA6D7BC-0D61-44E8-B4EC-5CB2A6062D0B} = {46154490-60C9-4664-BA33-96FDF6123E12}
		{8714C64B-59A3-4DA7-BB76-42E386ADA69E} = {46154490-60C9-4664-BA33-96FDF6123E12}
		{35D034C4-C418-443D-9EF6-3388897C8926} = {46154490-60C9-4664-BA33-96FDF6123E12}
		{0652F415-D97F-488D-90C1-66FE92F11CF1} = {9D590883-804F-4DA4-A0C3-A1647940C9D4}
		{06EE1C4A-211C-4B25-8BE9-84206F8CA93B} = {9D590883-804F-4DA4-A0C3-A1647940C9D4}
		{B4B34A85-2DCE-4A05-BF09-166AD8B000D6} = {04C93FBA-1CC0-4AF8-A4D9-F339A8111B4C}
	EndGlobalSection
	GlobalSection(ExtensibilityGlobals) = postSolution
		SolutionGuid = {DBB35570-F0EB-4BAF-89C4-BEBA8A63DEBF}
	EndGlobalSection
EndGlobal
